PODS:
  - Flutter (1.0.0)
  - FMDB (2.7.5):
    - FMDB/standard (= 2.7.5)
  - FMDB/standard (2.7.5)
  - path_provider (0.0.1):
    - Flutter
  - shared_preferences_ios (0.0.1):
    - Flutter
  - speech_to_text (0.0.1):
    - Flutter
    - Try
  - sqflite (0.0.2):
    - Flutter
    - FMDB (>= 2.7.5)
  - Try (2.1.1)
  - url_launcher_ios (0.0.1):
    - Flutter
  - video_player (0.0.1):
    - Flutter
  - wakelock (0.0.1):
    - Flutter
  - webview_flutter (0.0.1):
    - Flutter

DEPENDENCIES:
  - Flutter (from `Flutter`)
  - path_provider (from `.symlinks/plugins/path_provider/ios`)
  - shared_preferences_ios (from `.symlinks/plugins/shared_preferences_ios/ios`)
  - speech_to_text (from `.symlinks/plugins/speech_to_text/ios`)
  - sqflite (from `.symlinks/plugins/sqflite/ios`)
  - url_launcher_ios (from `.symlinks/plugins/url_launcher_ios/ios`)
  - video_player (from `.symlinks/plugins/video_player/ios`)
  - wakelock (from `.symlinks/plugins/wakelock/ios`)
  - webview_flutter (from `.symlinks/plugins/webview_flutter/ios`)

SPEC REPOS:
  trunk:
    - FMDB
    - Try

EXTERNAL SOURCES:
  Flutter:
    :path: Flutter
  path_provider:
    :path: ".symlinks/plugins/path_provider/ios"
  shared_preferences_ios:
    :path: ".symlinks/plugins/shared_preferences_ios/ios"
  speech_to_text:
    :path: ".symlinks/plugins/speech_to_text/ios"
  sqflite:
    :path: ".symlinks/plugins/sqflite/ios"
  url_launcher_ios:
    :path: ".symlinks/plugins/url_launcher_ios/ios"
  video_player:
    :path: ".symlinks/plugins/video_player/ios"
  wakelock:
    :path: ".symlinks/plugins/wakelock/ios"
  webview_flutter:
    :path: ".symlinks/plugins/webview_flutter/ios"

SPEC CHECKSUMS:
  Flutter: f04841e97a9d0b0a8025694d0796dd46242b2854
  FMDB: 2ce00b547f966261cd18927a3ddb07cb6f3db82a
  path_provider: abfe2b5c733d04e238b0d8691db0cfd63a27a93c
  shared_preferences_ios: 548a61f8053b9b8a49ac19c1ffbc8b92c50d68ad
  speech_to_text: b43a7d99aef037bd758ed8e45d79bbac035d2dfe
  sqflite: 6d358c025f5b867b29ed92fc697fd34924e11904
  Try: 5ef669ae832617b3cee58cb2c6f99fb767a4ff96
  url_launcher_ios: 839c58cdb4279282219f5e248c3321761ff3c4de
  video_player: 9cc823b1d9da7e8427ee591e8438bfbcde500e6e
  wakelock: b0843b2479edbf6504d8d262c2959446f35373aa
  webview_flutter: 9f491a9b5a66f2573946a389b2677987b0ff8c0b

PODFILE CHECKSUM: 7b4655529f6aa2e01ac504c42d059a7e5e86cac9

COCOAPODS: 1.11.3
